# This file is automatically @generated by Cargo.
# It is not intended for manual editing.
version = 4

[[package]]
name = "rnaseq"
version = "0.1.0"
dependencies = [
 "rnaseq_sam",
]

[[package]]
name = "rnaseq_err"
version = "0.1.0"

[[package]]
name = "rnaseq_sam"
version = "0.1.0"
dependencies = [
 "rnaseq_err",
]
